
Microsoft Visual Studio Solution File, Format Version 12.00
# Visual Studio Version 16
VisualStudioVersion = 16.0.30320.27
MinimumVisualStudioVersion = 10.0.40219.1
Project("{8BC9CEB8-8B4A-11D0-8D11-00A0C91BC942}") = "STGProject", "STGProject.vcxproj", "{EAF79D53-8D8A-4548-871E-3C2D52A9620A}"
EndProject
Global
	GlobalSection(SolutionConfigurationPlatforms) = preSolution
		Debug|x64 = Debug|x64
		Debug|x86 = Debug|x86
		Release|x64 = Release|x64
		Release|x86 = Release|x86
	EndGlobalSection
	GlobalSection(ProjectConfigurationPlatforms) = postSolution
		{EAF79D53-8D8A-4548-871E-3C2D52A9620A}.Debug|x64.ActiveCfg = Debug|x64
		{EAF79D53-8D8A-4548-871E-3C2D52A9620A}.Debug|x64.Build.0 = Debug|x64
		{EAF79D53-8D8A-4548-871E-3C2D52A9620A}.Debug|x86.ActiveCfg = Debug|Win32
		{EAF79D53-8D8A-4548-871E-3C2D52A9620A}.Debug|x86.Build.0 = Debug|Win32
		{EAF79D53-8D8A-4548-871E-3C2D52A9620A}.Release|x64.ActiveCfg = Release|x64
		{EAF79D53-8D8A-4548-871E-3C2D52A9620A}.Release|x64.Build.0 = Release|x64
		{EAF79D53-8D8A-4548-871E-3C2D52A9620A}.Release|x86.ActiveCfg = Release|Win32
		{EAF79D53-8D8A-4548-871E-3C2D52A9620A}.Release|x86.Build.0 = Release|Win32
	EndGlobalSection
	GlobalSection(SolutionProperties) = preSolution
		HideSolutionNode = FALSE
	EndGlobalSection
	GlobalSection(ExtensibilityGlobals) = postSolution
		SolutionGuid = {06B1935E-EDB8-4058-9ED2-BFF3B52CE9AE}
	EndGlobalSection
EndGlobal
