<?xml version="1.0" encoding="utf-8"?>
<Project ToolsVersion="4.0" xmlns="http://schemas.microsoft.com/developer/msbuild/2003">
  <ItemGroup>
    <Filter Include="Project">
      <UniqueIdentifier>{05f7932f-acc5-4d95-b3ba-26b051fa7736}</UniqueIdentifier>
    </Filter>
    <Filter Include="Project\System">
      <UniqueIdentifier>{106dda39-77e3-448a-aa6b-52e77e0e5629}</UniqueIdentifier>
    </Filter>
    <Filter Include="Project\System\RunSystem">
      <UniqueIdentifier>{6d083ed5-b24b-47c4-9f48-92e3db79a1e2}</UniqueIdentifier>
    </Filter>
    <Filter Include="Project\System\CloseSystem">
      <UniqueIdentifier>{fd886d44-1e0b-4346-a906-db961aa68230}</UniqueIdentifier>
    </Filter>
    <Filter Include="Project\Common">
      <UniqueIdentifier>{737d1683-c355-43b4-ab80-15659844fff9}</UniqueIdentifier>
    </Filter>
    <Filter Include="Project\Common\FPS">
      <UniqueIdentifier>{01ee6dc7-090f-4860-8539-c642228ac3df}</UniqueIdentifier>
    </Filter>
    <Filter Include="Project\Scene">
      <UniqueIdentifier>{ef7f2796-2691-4269-83fc-215266935607}</UniqueIdentifier>
    </Filter>
    <Filter Include="Project\System\GameRunSystem">
      <UniqueIdentifier>{2c82b7a0-37e0-454f-a171-7922f4daf08e}</UniqueIdentifier>
    </Filter>
    <Filter Include="Project\Scene\SceneManager">
      <UniqueIdentifier>{ccae2ea3-c6a3-4897-a7a2-9b2c9cb68eac}</UniqueIdentifier>
    </Filter>
    <Filter Include="Project\Scene\Scenes">
      <UniqueIdentifier>{52d198ca-e80b-4916-9cc9-a1fe8d3095da}</UniqueIdentifier>
    </Filter>
    <Filter Include="Project\Scene\Scenes\Title">
      <UniqueIdentifier>{7655148e-732e-4958-8f30-cc4c3025c219}</UniqueIdentifier>
    </Filter>
    <Filter Include="Project\Scene\Scenes\Menu">
      <UniqueIdentifier>{6f5b87d3-7c6d-47a0-ab0a-5fd221d60f7e}</UniqueIdentifier>
    </Filter>
    <Filter Include="Project\Scene\Scenes\InGame">
      <UniqueIdentifier>{bf452a7f-0323-49f9-850d-d5a0681271ee}</UniqueIdentifier>
    </Filter>
    <Filter Include="Project\Common\Parameter">
      <UniqueIdentifier>{fbf6efcb-1f54-43e8-96d9-cb7c446f739c}</UniqueIdentifier>
    </Filter>
    <Filter Include="Project\System\GameSystem">
      <UniqueIdentifier>{e2581f38-69f0-4a59-99a2-8180df90c8a7}</UniqueIdentifier>
    </Filter>
    <Filter Include="Project\Resource">
      <UniqueIdentifier>{d22cc90c-8bb3-4a8f-909a-94ec87bd8fc9}</UniqueIdentifier>
    </Filter>
    <Filter Include="Project\Resource\Image">
      <UniqueIdentifier>{4202f4f9-c3e3-47b9-9638-9eda57723d3a}</UniqueIdentifier>
    </Filter>
    <Filter Include="Project\Common\Directory">
      <UniqueIdentifier>{887a1704-a20e-4fef-af06-a31cbde87eb4}</UniqueIdentifier>
    </Filter>
    <Filter Include="Project\GameObject">
      <UniqueIdentifier>{78480a93-b49a-400e-8b55-fabdad39a101}</UniqueIdentifier>
    </Filter>
    <Filter Include="Project\GameObject\Player">
      <UniqueIdentifier>{cf540e04-85d1-41b1-8dfa-724d18db2016}</UniqueIdentifier>
    </Filter>
    <Filter Include="Project\Input">
      <UniqueIdentifier>{0a298bf3-7e51-44f8-ab91-b5d53f98afd6}</UniqueIdentifier>
    </Filter>
    <Filter Include="Project\Input\Keyboard">
      <UniqueIdentifier>{a5d0654f-4ba9-45a5-af2b-a2bbc735d845}</UniqueIdentifier>
    </Filter>
    <Filter Include="Project\Input\InputManager">
      <UniqueIdentifier>{f844f988-2696-46a6-84c9-37e039da2951}</UniqueIdentifier>
    </Filter>
    <Filter Include="Project\GameObject\Bullet">
      <UniqueIdentifier>{9066d02c-5513-4875-b921-80535d902397}</UniqueIdentifier>
    </Filter>
    <Filter Include="Project\GameObject\Enemy">
      <UniqueIdentifier>{e6cc469d-53d8-4317-9803-321d3898eb64}</UniqueIdentifier>
    </Filter>
    <Filter Include="Project\GameObject\Bullet\BulletP">
      <UniqueIdentifier>{3fa81a49-bee2-4fd4-91da-7739c65c5390}</UniqueIdentifier>
    </Filter>
    <Filter Include="Project\GameObject\Bullet\BulletE_Normal">
      <UniqueIdentifier>{d514bf70-65a4-4558-8ab5-4d89b63eb6d5}</UniqueIdentifier>
    </Filter>
    <Filter Include="Project\Common\Manager">
      <UniqueIdentifier>{fd1c4a80-1ac3-43a6-933e-30cf772476a9}</UniqueIdentifier>
    </Filter>
    <Filter Include="Project\Common\Manager\GameManager">
      <UniqueIdentifier>{4c9c066c-bdea-4c31-b463-14e60e944fba}</UniqueIdentifier>
    </Filter>
    <Filter Include="Project\Common\Manager\BulletManager">
      <UniqueIdentifier>{c61f2106-a2fc-4738-96ac-e427dc668671}</UniqueIdentifier>
    </Filter>
    <Filter Include="Project\Common\Manager\EnemyManager">
      <UniqueIdentifier>{229e4fcc-264d-465b-af37-8451d1c99bee}</UniqueIdentifier>
    </Filter>
    <Filter Include="Project\GameObject\Enemy\Brainwasher">
      <UniqueIdentifier>{a757989f-0ecc-4177-a6b5-93ef9817aa2f}</UniqueIdentifier>
    </Filter>
    <Filter Include="Project\Background">
      <UniqueIdentifier>{9b8c01b1-36db-43fd-b81d-04d53084125e}</UniqueIdentifier>
    </Filter>
    <Filter Include="Project\UI">
      <UniqueIdentifier>{9fb4b935-38db-41cc-87fa-e035bc43aa7c}</UniqueIdentifier>
    </Filter>
  </ItemGroup>
  <ItemGroup>
    <ClCompile Include="Resource\Source\Main.cpp">
      <Filter>Project</Filter>
    </ClCompile>
    <ClCompile Include="Resource\Source\RunSystem.cpp">
      <Filter>Project\System\RunSystem</Filter>
    </ClCompile>
    <ClCompile Include="Resource\Source\CloseSystem.cpp">
      <Filter>Project\System\CloseSystem</Filter>
    </ClCompile>
    <ClCompile Include="Resource\Source\Fps.cpp">
      <Filter>Project\Common\FPS</Filter>
    </ClCompile>
    <ClCompile Include="Resource\Source\GameRunSystem.cpp">
      <Filter>Project\System\GameRunSystem</Filter>
    </ClCompile>
    <ClCompile Include="Resource\Source\Title.cpp">
      <Filter>Project\Scene\Scenes\Title</Filter>
    </ClCompile>
    <ClCompile Include="Resource\Source\Scene.cpp">
      <Filter>Project\Scene\Scenes</Filter>
    </ClCompile>
    <ClCompile Include="Resource\Source\ShareParameter.cpp">
      <Filter>Project\Common\Parameter</Filter>
    </ClCompile>
    <ClCompile Include="Resource\Source\SceneManager.cpp">
      <Filter>Project\Scene\SceneManager</Filter>
    </ClCompile>
    <ClCompile Include="Resource\Source\InGame.cpp">
      <Filter>Project\Scene\Scenes\InGame</Filter>
    </ClCompile>
    <ClCompile Include="Resource\Source\Menu.cpp">
      <Filter>Project\Scene\Scenes\Menu</Filter>
    </ClCompile>
    <ClCompile Include="Resource\Source\GameSystem.cpp">
      <Filter>Project\System\GameSystem</Filter>
    </ClCompile>
    <ClCompile Include="Resource\Source\Image.cpp">
      <Filter>Project\Resource\Image</Filter>
    </ClCompile>
    <ClCompile Include="Resource\Source\Directory.cpp">
      <Filter>Project\Common\Directory</Filter>
    </ClCompile>
    <ClCompile Include="Resource\Source\Player.cpp">
      <Filter>Project\GameObject\Player</Filter>
    </ClCompile>
    <ClCompile Include="Resource\Source\Keyboard.cpp">
      <Filter>Project\Input\Keyboard</Filter>
    </ClCompile>
    <ClCompile Include="Resource\Source\InputManager.cpp">
      <Filter>Project\Input\InputManager</Filter>
    </ClCompile>
    <ClCompile Include="Resource\Source\Bullet.cpp">
      <Filter>Project\GameObject\Bullet</Filter>
    </ClCompile>
    <ClCompile Include="Resource\Source\BulletManager.cpp">
      <Filter>Project\Common\Manager\BulletManager</Filter>
    </ClCompile>
    <ClCompile Include="Resource\Source\Enemy.cpp">
      <Filter>Project\GameObject\Enemy</Filter>
    </ClCompile>
    <ClCompile Include="Resource\Source\EnemyManager.cpp">
      <Filter>Project\Common\Manager\EnemyManager</Filter>
    </ClCompile>
    <ClCompile Include="Resource\Source\BulletP.cpp">
      <Filter>Project\GameObject\Bullet\BulletP</Filter>
    </ClCompile>
    <ClCompile Include="Resource\Source\BulletE_Normal.cpp">
      <Filter>Project\GameObject\Bullet\BulletE_Normal</Filter>
    </ClCompile>
    <ClCompile Include="Resource\Source\GameManager.cpp">
      <Filter>Project\Common\Manager\GameManager</Filter>
    </ClCompile>
    <ClCompile Include="Resource\Source\Brainwasher.cpp">
      <Filter>Project\GameObject\Enemy\Brainwasher</Filter>
    </ClCompile>
    <ClCompile Include="Resource\Source\UI.cpp">
      <Filter>Project\UI</Filter>
    </ClCompile>
    <ClCompile Include="Resource\Source\Background.cpp">
      <Filter>Project\Background</Filter>
    </ClCompile>
  </ItemGroup>
  <ItemGroup>
    <ClInclude Include="Resource\Source\RunSystem.h">
      <Filter>Project\System\RunSystem</Filter>
    </ClInclude>
    <ClInclude Include="Resource\Source\CloseSystem.h">
      <Filter>Project\System\CloseSystem</Filter>
    </ClInclude>
    <ClInclude Include="Resource\Source\Fps.h">
      <Filter>Project\Common\FPS</Filter>
    </ClInclude>
    <ClInclude Include="Resource\Source\Task.h">
      <Filter>Project\System</Filter>
    </ClInclude>
    <ClInclude Include="Resource\Source\SceneData.h">
      <Filter>Project\Scene</Filter>
    </ClInclude>
    <ClInclude Include="Resource\Source\ISceneChanger.h">
      <Filter>Project\Scene</Filter>
    </ClInclude>
    <ClInclude Include="Resource\Source\GameRunSystem.h">
      <Filter>Project\System\GameRunSystem</Filter>
    </ClInclude>
    <ClInclude Include="Resource\Source\SceneManager.h">
      <Filter>Project\Scene\SceneManager</Filter>
    </ClInclude>
    <ClInclude Include="Resource\Source\Scene.h">
      <Filter>Project\Scene\Scenes</Filter>
    </ClInclude>
    <ClInclude Include="Resource\Source\Title.h">
      <Filter>Project\Scene\Scenes\Title</Filter>
    </ClInclude>
    <ClInclude Include="Resource\Source\ShareParameter.h">
      <Filter>Project\Common\Parameter</Filter>
    </ClInclude>
    <ClInclude Include="Resource\Source\InGame.h">
      <Filter>Project\Scene\Scenes\InGame</Filter>
    </ClInclude>
    <ClInclude Include="Resource\Source\Menu.h">
      <Filter>Project\Scene\Scenes\Menu</Filter>
    </ClInclude>
    <ClInclude Include="Resource\Source\GameSystem.h">
      <Filter>Project\System\GameSystem</Filter>
    </ClInclude>
    <ClInclude Include="Resource\Source\Image.h">
      <Filter>Project\Resource\Image</Filter>
    </ClInclude>
    <ClInclude Include="Resource\Source\Directory.h">
      <Filter>Project\Common\Directory</Filter>
    </ClInclude>
    <ClInclude Include="Resource\Source\Object.h">
      <Filter>Project\GameObject</Filter>
    </ClInclude>
    <ClInclude Include="Resource\Source\Player.h">
      <Filter>Project\GameObject\Player</Filter>
    </ClInclude>
    <ClInclude Include="Resource\Source\InputManager.h">
      <Filter>Project\Input\InputManager</Filter>
    </ClInclude>
    <ClInclude Include="Resource\Source\Keyboard.h">
      <Filter>Project\Input\Keyboard</Filter>
    </ClInclude>
    <ClInclude Include="Resource\Source\Bullet.h">
      <Filter>Project\GameObject\Bullet</Filter>
    </ClInclude>
    <ClInclude Include="Resource\Source\BulletManager.h">
      <Filter>Project\Common\Manager\BulletManager</Filter>
    </ClInclude>
    <ClInclude Include="Resource\Source\Enemy.h">
      <Filter>Project\GameObject\Enemy</Filter>
    </ClInclude>
    <ClInclude Include="Resource\Source\EnemyManager.h">
      <Filter>Project\Common\Manager\EnemyManager</Filter>
    </ClInclude>
    <ClInclude Include="Resource\Source\BulletP.h">
      <Filter>Project\GameObject\Bullet\BulletP</Filter>
    </ClInclude>
    <ClInclude Include="Resource\Source\BulletE_Normal.h">
      <Filter>Project\GameObject\Bullet\BulletE_Normal</Filter>
    </ClInclude>
    <ClInclude Include="Resource\Source\GameManager.h">
      <Filter>Project\Common\Manager\GameManager</Filter>
    </ClInclude>
    <ClInclude Include="Resource\Source\Brainwasher.h">
      <Filter>Project\GameObject\Enemy\Brainwasher</Filter>
    </ClInclude>
    <ClInclude Include="Resource\Source\UI.h">
      <Filter>Project\UI</Filter>
    </ClInclude>
    <ClInclude Include="Resource\Source\Background.h">
      <Filter>Project\Background</Filter>
    </ClInclude>
  </ItemGroup>
</Project>